// !$*UTF8*$!
{
	archiveVersion = 1;
	classes = {
	};
	objectVersion = 56;
	objects = {

/* Begin PBXBuildFile section */
		AA000001 /* RemoteRecruitApp.swift in Sources */ = {isa = PBXBuildFile; fileRef = AB000001 /* RemoteRecruitApp.swift */; };
		AA000002 /* AppTheme.swift in Sources */ = {isa = PBXBuildFile; fileRef = AB000002 /* AppTheme.swift */; };
		AA000003 /* LoadableState.swift in Sources */ = {isa = PBXBuildFile; fileRef = AB000003 /* LoadableState.swift */; };
		AA000004 /* OpeningsListViewModel.swift in Sources */ = {isa = PBXBuildFile; fileRef = AB000004 /* OpeningsListViewModel.swift */; };
		AA000005 /* OpeningsListScreen.swift in Sources */ = {isa = PBXBuildFile; fileRef = AB000005 /* OpeningsListScreen.swift */; };
		AA000006 /* OpeningCardView.swift in Sources */ = {isa = PBXBuildFile; fileRef = AB000006 /* OpeningCardView.swift */; };
		AA000007 /* OpeningDetailViewModel.swift in Sources */ = {isa = PBXBuildFile; fileRef = AB000007 /* OpeningDetailViewModel.swift */; };
		AA000008 /* OpeningDetailScreen.swift in Sources */ = {isa = PBXBuildFile; fileRef = AB000008 /* OpeningDetailScreen.swift */; };
		AA000009 /* Assets.xcassets in Resources */ = {isa = PBXBuildFile; fileRef = AB000009 /* Assets.xcassets */; };
		AA000011 /* RRNetworking in Frameworks */ = {isa = PBXBuildFile; productRef = AC000001 /* RRNetworking */; };
		/* Test files */
		AA000020 /* OpeningsListViewModelTests.swift in Sources */ = {isa = PBXBuildFile; fileRef = AB000020 /* OpeningsListViewModelTests.swift */; };
		AA000021 /* OpeningDetailViewModelTests.swift in Sources */ = {isa = PBXBuildFile; fileRef = AB000021 /* OpeningDetailViewModelTests.swift */; };
		AA000023 /* LoadableStateTests.swift in Sources */ = {isa = PBXBuildFile; fileRef = AB000023 /* LoadableStateTests.swift */; };
		AA000022 /* RRNetworking in Frameworks */ = {isa = PBXBuildFile; productRef = AC000002 /* RRNetworking */; };
/* End PBXBuildFile section */

/* Begin PBXFileReference section */
		AB000001 /* RemoteRecruitApp.swift */ = {isa = PBXFileReference; lastKnownFileType = sourcecode.swift; path = RemoteRecruitApp.swift; sourceTree = "<group>"; };
		AB000002 /* AppTheme.swift */ = {isa = PBXFileReference; lastKnownFileType = sourcecode.swift; path = AppTheme.swift; sourceTree = "<group>"; };
		AB000003 /* LoadableState.swift */ = {isa = PBXFileReference; lastKnownFileType = sourcecode.swift; path = LoadableState.swift; sourceTree = "<group>"; };
		AB000004 /* OpeningsListViewModel.swift */ = {isa = PBXFileReference; lastKnownFileType = sourcecode.swift; path = OpeningsListViewModel.swift; sourceTree = "<group>"; };
		AB000005 /* OpeningsListScreen.swift */ = {isa = PBXFileReference; lastKnownFileType = sourcecode.swift; path = OpeningsListScreen.swift; sourceTree = "<group>"; };
		AB000006 /* OpeningCardView.swift */ = {isa = PBXFileReference; lastKnownFileType = sourcecode.swift; path = OpeningCardView.swift; sourceTree = "<group>"; };
		AB000007 /* OpeningDetailViewModel.swift */ = {isa = PBXFileReference; lastKnownFileType = sourcecode.swift; path = OpeningDetailViewModel.swift; sourceTree = "<group>"; };
		AB000008 /* OpeningDetailScreen.swift */ = {isa = PBXFileReference; lastKnownFileType = sourcecode.swift; path = OpeningDetailScreen.swift; sourceTree = "<group>"; };
		AB000009 /* Assets.xcassets */ = {isa = PBXFileReference; lastKnownFileType = folder.assetcatalog; path = Assets.xcassets; sourceTree = "<group>"; };
		AB000010 /* Info.plist */ = {isa = PBXFileReference; lastKnownFileType = text.plist.xml; path = Info.plist; sourceTree = "<group>"; };
		AB000020 /* OpeningsListViewModelTests.swift */ = {isa = PBXFileReference; lastKnownFileType = sourcecode.swift; path = OpeningsListViewModelTests.swift; sourceTree = "<group>"; };
		AB000021 /* OpeningDetailViewModelTests.swift */ = {isa = PBXFileReference; lastKnownFileType = sourcecode.swift; path = OpeningDetailViewModelTests.swift; sourceTree = "<group>"; };
		AB000023 /* LoadableStateTests.swift */ = {isa = PBXFileReference; lastKnownFileType = sourcecode.swift; path = LoadableStateTests.swift; sourceTree = "<group>"; };
		/* Products */
		AE000001 /* RemoteRecruit.app */ = {isa = PBXFileReference; explicitFileType = wrapper.application; includeInIndex = 0; path = RemoteRecruit.app; sourceTree = BUILT_PRODUCTS_DIR; };
		AE000002 /* RemoteRecruitTests.xctest */ = {isa = PBXFileReference; explicitFileType = wrapper.cfbundle; includeInIndex = 0; path = RemoteRecruitTests.xctest; sourceTree = BUILT_PRODUCTS_DIR; };
		/* SPM Package */
		AF000001 /* RRNetworking */ = {isa = PBXFileReference; lastKnownFileType = folder; name = RRNetworking; path = ../RRNetworking; sourceTree = "<group>"; };
/* End PBXFileReference section */

/* Begin PBXFrameworksBuildPhase section */
		BC000001 /* Frameworks */ = {
			isa = PBXFrameworksBuildPhase;
			buildActionMask = 2147483647;
			files = (
				AA000011 /* RRNetworking in Frameworks */,
			);
			runOnlyForDeploymentPostprocessing = 0;
		};
		BC000002 /* Frameworks */ = {
			isa = PBXFrameworksBuildPhase;
			buildActionMask = 2147483647;
			files = (
				AA000022 /* RRNetworking in Frameworks */,
			);
			runOnlyForDeploymentPostprocessing = 0;
		};
/* End PBXFrameworksBuildPhase section */

/* Begin PBXGroup section */
		BD000001 /* / */ = {
			isa = PBXGroup;
			children = (
				BD000002 /* RemoteRecruit */,
				BD000003 /* RemoteRecruitTests */,
				BD000010 /* Products */,
				BD000011 /* Packages */,
			);
			sourceTree = "<group>";
		};
		BD000002 /* RemoteRecruit */ = {
			isa = PBXGroup;
			children = (
				BD000020 /* App */,
				BD000021 /* Features */,
				BD000022 /* Shared */,
				BD000023 /* Resources */,
			);
			path = RemoteRecruit;
			sourceTree = "<group>";
		};
		BD000020 /* App */ = {
			isa = PBXGroup;
			children = (
				AB000001 /* RemoteRecruitApp.swift */,
			);
			path = App;
			sourceTree = "<group>";
		};
		BD000021 /* Features */ = {
			isa = PBXGroup;
			children = (
				BD000030 /* OpeningsList */,
				BD000031 /* OpeningDetail */,
			);
			path = Features;
			sourceTree = "<group>";
		};
		BD000030 /* OpeningsList */ = {
			isa = PBXGroup;
			children = (
				AB000004 /* OpeningsListViewModel.swift */,
				AB000005 /* OpeningsListScreen.swift */,
				AB000006 /* OpeningCardView.swift */,
			);
			path = OpeningsList;
			sourceTree = "<group>";
		};
		BD000031 /* OpeningDetail */ = {
			isa = PBXGroup;
			children = (
				AB000007 /* OpeningDetailViewModel.swift */,
				AB000008 /* OpeningDetailScreen.swift */,
			);
			path = OpeningDetail;
			sourceTree = "<group>";
		};
		BD000022 /* Shared */ = {
			isa = PBXGroup;
			children = (
				BD000040 /* Theme */,
				BD000041 /* Extensions */,
			);
			path = Shared;
			sourceTree = "<group>";
		};
		BD000040 /* Theme */ = {
			isa = PBXGroup;
			children = (
				AB000002 /* AppTheme.swift */,
			);
			path = Theme;
			sourceTree = "<group>";
		};
		BD000041 /* Extensions */ = {
			isa = PBXGroup;
			children = (
				AB000003 /* LoadableState.swift */,
			);
			path = Extensions;
			sourceTree = "<group>";
		};
		BD000023 /* Resources */ = {
			isa = PBXGroup;
			children = (
				AB000009 /* Assets.xcassets */,
				AB000010 /* Info.plist */,
			);
			path = Resources;
			sourceTree = "<group>";
		};
		BD000003 /* RemoteRecruitTests */ = {
			isa = PBXGroup;
			children = (
				AB000020 /* OpeningsListViewModelTests.swift */,
				AB000021 /* OpeningDetailViewModelTests.swift */,
				AB000023 /* LoadableStateTests.swift */,
			);
			path = RemoteRecruitTests;
			sourceTree = "<group>";
		};
		BD000010 /* Products */ = {
			isa = PBXGroup;
			children = (
				AE000001 /* RemoteRecruit.app */,
				AE000002 /* RemoteRecruitTests.xctest */,
			);
			name = Products;
			sourceTree = "<group>";
		};
		BD000011 /* Packages */ = {
			isa = PBXGroup;
			children = (
				AF000001 /* RRNetworking */,
			);
			name = Packages;
			sourceTree = "<group>";
		};
/* End PBXGroup section */

/* Begin PBXNativeTarget section */
		BE000001 /* RemoteRecruit */ = {
			isa = PBXNativeTarget;
			buildConfigurationList = BF000001 /* Build configuration list for PBXNativeTarget "RemoteRecruit" */;
			buildPhases = (
				BG000001 /* Sources */,
				BC000001 /* Frameworks */,
				BG000002 /* Resources */,
			);
			buildRules = (
			);
			dependencies = (
			);
			name = RemoteRecruit;
			packageProductDependencies = (
				AC000001 /* RRNetworking */,
			);
			productName = RemoteRecruit;
			productReference = AE000001 /* RemoteRecruit.app */;
			productType = "com.apple.product-type.application";
		};
		BE000002 /* RemoteRecruitTests */ = {
			isa = PBXNativeTarget;
			buildConfigurationList = BF000002 /* Build configuration list for PBXNativeTarget "RemoteRecruitTests" */;
			buildPhases = (
				BG000003 /* Sources */,
				BC000002 /* Frameworks */,
			);
			buildRules = (
			);
			dependencies = (
				BH000001 /* PBXTargetDependency */,
			);
			name = RemoteRecruitTests;
			packageProductDependencies = (
				AC000002 /* RRNetworking */,
			);
			productName = RemoteRecruitTests;
			productReference = AE000002 /* RemoteRecruitTests.xctest */;
			productType = "com.apple.product-type.bundle.unit-test";
		};
/* End PBXNativeTarget section */

/* Begin PBXProject section */
		BE000100 /* Project object */ = {
			isa = PBXProject;
			attributes = {
				BuildIndependentTargetsInParallel = 1;
				LastSwiftUpdateCheck = 1530;
				LastUpgradeCheck = 1530;
				TargetAttributes = {
					BE000001 = {
						CreatedOnToolsVersion = 15.3;
					};
					BE000002 = {
						CreatedOnToolsVersion = 15.3;
						TestTargetID = BE000001;
					};
				};
			};
			buildConfigurationList = BF000000 /* Build configuration list for PBXProject "RemoteRecruit" */;
			compatibilityVersion = "Xcode 14.0";
			developmentRegion = en;
			hasScannedForEncodings = 0;
			knownRegions = (
				en,
				Base,
			);
			mainGroup = BD000001;
			packageReferences = (
				AG000001 /* XCLocalSwiftPackageReference "RRNetworking" */,
			);
			productRefGroup = BD000010 /* Products */;
			projectDirPath = "";
			projectRoot = "";
			targets = (
				BE000001 /* RemoteRecruit */,
				BE000002 /* RemoteRecruitTests */,
			);
		};
/* End PBXProject section */

/* Begin PBXResourcesBuildPhase section */
		BG000002 /* Resources */ = {
			isa = PBXResourcesBuildPhase;
			buildActionMask = 2147483647;
			files = (
				AA000009 /* Assets.xcassets in Resources */,
			);
			runOnlyForDeploymentPostprocessing = 0;
		};
/* End PBXResourcesBuildPhase section */

/* Begin PBXSourcesBuildPhase section */
		BG000001 /* Sources */ = {
			isa = PBXSourcesBuildPhase;
			buildActionMask = 2147483647;
			files = (
				AA000001 /* RemoteRecruitApp.swift in Sources */,
				AA000002 /* AppTheme.swift in Sources */,
				AA000003 /* LoadableState.swift in Sources */,
				AA000004 /* OpeningsListViewModel.swift in Sources */,
				AA000005 /* OpeningsListScreen.swift in Sources */,
				AA000006 /* OpeningCardView.swift in Sources */,
				AA000007 /* OpeningDetailViewModel.swift in Sources */,
				AA000008 /* OpeningDetailScreen.swift in Sources */,
			);
			runOnlyForDeploymentPostprocessing = 0;
		};
		BG000003 /* Sources */ = {
			isa = PBXSourcesBuildPhase;
			buildActionMask = 2147483647;
			files = (
				AA000020 /* OpeningsListViewModelTests.swift in Sources */,
				AA000021 /* OpeningDetailViewModelTests.swift in Sources */,
				AA000023 /* LoadableStateTests.swift in Sources */,
			);
			runOnlyForDeploymentPostprocessing = 0;
		};
/* End PBXSourcesBuildPhase section */

/* Begin PBXTargetDependency section */
		BH000001 /* PBXTargetDependency */ = {
			isa = PBXTargetDependency;
			target = BE000001 /* RemoteRecruit */;
		};
/* End PBXTargetDependency section */

/* Begin XCBuildConfiguration section */
		CF000001 /* Debug */ = {
			isa = XCBuildConfiguration;
			buildSettings = {
				ALWAYS_SEARCH_USER_PATHS = NO;
				CLANG_ANALYZER_NONNULL = YES;
				CLANG_ANALYZER_NUMBER_OBJECT_CONVERSION = YES_AGGRESSIVE;
				CLANG_CXX_LANGUAGE_STANDARD = "gnu++20";
				CLANG_ENABLE_MODULES = YES;
				CLANG_ENABLE_OBJC_ARC = YES;
				CLANG_ENABLE_OBJC_WEAK = YES;
				CLANG_WARN_BLOCK_CAPTURE_AUTORELEASING = YES;
				CLANG_WARN_BOOL_CONVERSION = YES;
				CLANG_WARN_COMMA = YES;
				CLANG_WARN_CONSTANT_CONVERSION = YES;
				CLANG_WARN_DEPRECATED_OBJC_IMPLEMENTATIONS = YES;
				CLANG_WARN_DIRECT_OBJC_ISA_USAGE = YES_ERROR;
				CLANG_WARN_DOCUMENTATION_COMMENTS = YES;
				CLANG_WARN_EMPTY_BODY = YES;
				CLANG_WARN_ENUM_CONVERSION = YES;
				CLANG_WARN_INFINITE_RECURSION = YES;
				CLANG_WARN_INT_CONVERSION = YES;
				CLANG_WARN_NON_LITERAL_NULL_CONVERSION = YES;
				CLANG_WARN_OBJC_IMPLICIT_RETAIN_SELF = YES;
				CLANG_WARN_OBJC_LITERAL_CONVERSION = YES;
				CLANG_WARN_OBJC_ROOT_CLASS = YES_ERROR;
				CLANG_WARN_QUOTED_INCLUDE_IN_FRAMEWORK_HEADER = YES;
				CLANG_WARN_RANGE_LOOP_ANALYSIS = YES;
				CLANG_WARN_STRICT_PROTOTYPES = YES;
				CLANG_WARN_SUSPICIOUS_MOVE = YES;
				CLANG_WARN_UNGUARDED_AVAILABILITY = YES_AGGRESSIVE;
				CLANG_WARN_UNREACHABLE_CODE = YES;
				CLANG_WARN__DUPLICATE_METHOD_MATCH = YES;
				COPY_PHASE_STRIP = NO;
				DEBUG_INFORMATION_FORMAT = dwarf;
				ENABLE_STRICT_OBJC_MSGSEND = YES;
				ENABLE_TESTABILITY = YES;
				ENABLE_USER_SCRIPT_SANDBOXING = YES;
				GCC_C_LANGUAGE_STANDARD = gnu17;
				GCC_DYNAMIC_NO_PIC = NO;
				GCC_NO_COMMON_BLOCKS = YES;
				GCC_OPTIMIZATION_LEVEL = 0;
				GCC_PREPROCESSOR_DEFINITIONS = (
					"DEBUG=1",
					"$(inherited)",
				);
				GCC_WARN_64_TO_32_BIT_CONVERSION = YES;
				GCC_WARN_ABOUT_RETURN_TYPE = YES_ERROR;
				GCC_WARN_UNDECLARED_SELECTOR = YES;
				GCC_WARN_UNINITIALIZED_AUTOS = YES_AGGRESSIVE;
				GCC_WARN_UNUSED_FUNCTION = YES;
				GCC_WARN_UNUSED_VARIABLE = YES;
				IPHONEOS_DEPLOYMENT_TARGET = 17.0;
				MTL_ENABLE_DEBUG_INFO = INCLUDE_SOURCE;
				MTL_FAST_MATH = YES;
				ONLY_ACTIVE_ARCH = YES;
				SDKROOT = iphoneos;
				SWIFT_ACTIVE_COMPILATION_CONDITIONS = "DEBUG $(inherited)";
				SWIFT_OPTIMIZATION_LEVEL = "-Onone";
			};
			name = Debug;
		};
		CF000002 /* Release */ = {
			isa = XCBuildConfiguration;
			buildSettings = {
				ALWAYS_SEARCH_USER_PATHS = NO;
				CLANG_ANALYZER_NONNULL = YES;
				CLANG_ANALYZER_NUMBER_OBJECT_CONVERSION = YES_AGGRESSIVE;
				CLANG_CXX_LANGUAGE_STANDARD = "gnu++20";
				CLANG_ENABLE_MODULES = YES;
				CLANG_ENABLE_OBJC_ARC = YES;
				CLANG_ENABLE_OBJC_WEAK = YES;
				CLANG_WARN_BLOCK_CAPTURE_AUTORELEASING = YES;
				CLANG_WARN_BOOL_CONVERSION = YES;
				CLANG_WARN_COMMA = YES;
				CLANG_WARN_CONSTANT_CONVERSION = YES;
				CLANG_WARN_DEPRECATED_OBJC_IMPLEMENTATIONS = YES;
				CLANG_WARN_DIRECT_OBJC_ISA_USAGE = YES_ERROR;
				CLANG_WARN_DOCUMENTATION_COMMENTS = YES;
				CLANG_WARN_EMPTY_BODY = YES;
				CLANG_WARN_ENUM_CONVERSION = YES;
				CLANG_WARN_INFINITE_RECURSION = YES;
				CLANG_WARN_INT_CONVERSION = YES;
				CLANG_WARN_NON_LITERAL_NULL_CONVERSION = YES;
				CLANG_WARN_OBJC_IMPLICIT_RETAIN_SELF = YES;
				CLANG_WARN_OBJC_LITERAL_CONVERSION = YES;
				CLANG_WARN_OBJC_ROOT_CLASS = YES_ERROR;
				CLANG_WARN_QUOTED_INCLUDE_IN_FRAMEWORK_HEADER = YES;
				CLANG_WARN_RANGE_LOOP_ANALYSIS = YES;
				CLANG_WARN_STRICT_PROTOTYPES = YES;
				CLANG_WARN_SUSPICIOUS_MOVE = YES;
				CLANG_WARN_UNGUARDED_AVAILABILITY = YES_AGGRESSIVE;
				CLANG_WARN_UNREACHABLE_CODE = YES;
				CLANG_WARN__DUPLICATE_METHOD_MATCH = YES;
				COPY_PHASE_STRIP = NO;
				DEBUG_INFORMATION_FORMAT = "dwarf-with-dsym";
				ENABLE_NS_ASSERTIONS = NO;
				ENABLE_STRICT_OBJC_MSGSEND = YES;
				ENABLE_USER_SCRIPT_SANDBOXING = YES;
				GCC_C_LANGUAGE_STANDARD = gnu17;
				GCC_NO_COMMON_BLOCKS = YES;
				GCC_WARN_64_TO_32_BIT_CONVERSION = YES;
				GCC_WARN_ABOUT_RETURN_TYPE = YES_ERROR;
				GCC_WARN_UNDECLARED_SELECTOR = YES;
				GCC_WARN_UNINITIALIZED_AUTOS = YES_AGGRESSIVE;
				GCC_WARN_UNUSED_FUNCTION = YES;
				GCC_WARN_UNUSED_VARIABLE = YES;
				IPHONEOS_DEPLOYMENT_TARGET = 17.0;
				MTL_FAST_MATH = YES;
				SDKROOT = iphoneos;
				SWIFT_COMPILATION_MODE = wholemodule;
				SWIFT_OPTIMIZATION_LEVEL = "-O";
				VALIDATE_PRODUCT = YES;
			};
			name = Release;
		};
		CF000011 /* Debug */ = {
			isa = XCBuildConfiguration;
			buildSettings = {
				ASSETCATALOG_COMPILER_APPICON_NAME = AppIcon;
				ASSETCATALOG_COMPILER_GLOBAL_ACCENT_COLOR_NAME = AccentColor;
				CODE_SIGN_STYLE = Automatic;
				CURRENT_PROJECT_VERSION = 1;
				DEVELOPMENT_ASSET_PATHS = "";
				ENABLE_PREVIEWS = YES;
				GENERATE_INFOPLIST_FILE = NO;
				INFOPLIST_FILE = RemoteRecruit/Resources/Info.plist;
				IPHONEOS_DEPLOYMENT_TARGET = 17.0;
				LD_RUNPATH_SEARCH_PATHS = (
					"$(inherited)",
					"@executable_path/Frameworks",
				);
				MARKETING_VERSION = 1.0;
				PRODUCT_BUNDLE_IDENTIFIER = com.remoterecruitapp.ios;
				PRODUCT_NAME = "$(TARGET_NAME)";
				SWIFT_EMIT_LOC_STRINGS = YES;
				SWIFT_VERSION = 5.0;
				TARGETED_DEVICE_FAMILY = "1,2";
			};
			name = Debug;
		};
		CF000012 /* Release */ = {
			isa = XCBuildConfiguration;
			buildSettings = {
				ASSETCATALOG_COMPILER_APPICON_NAME = AppIcon;
				ASSETCATALOG_COMPILER_GLOBAL_ACCENT_COLOR_NAME = AccentColor;
				CODE_SIGN_STYLE = Automatic;
				CURRENT_PROJECT_VERSION = 1;
				DEVELOPMENT_ASSET_PATHS = "";
				ENABLE_PREVIEWS = YES;
				GENERATE_INFOPLIST_FILE = NO;
				INFOPLIST_FILE = RemoteRecruit/Resources/Info.plist;
				IPHONEOS_DEPLOYMENT_TARGET = 17.0;
				LD_RUNPATH_SEARCH_PATHS = (
					"$(inherited)",
					"@executable_path/Frameworks",
				);
				MARKETING_VERSION = 1.0;
				PRODUCT_BUNDLE_IDENTIFIER = com.remoterecruitapp.ios;
				PRODUCT_NAME = "$(TARGET_NAME)";
				SWIFT_EMIT_LOC_STRINGS = YES;
				SWIFT_VERSION = 5.0;
				TARGETED_DEVICE_FAMILY = "1,2";
			};
			name = Release;
		};
		CF000021 /* Debug */ = {
			isa = XCBuildConfiguration;
			buildSettings = {
				BUNDLE_LOADER = "$(TEST_HOST)";
				CODE_SIGN_STYLE = Automatic;
				CURRENT_PROJECT_VERSION = 1;
				GENERATE_INFOPLIST_FILE = YES;
				IPHONEOS_DEPLOYMENT_TARGET = 17.0;
				MARKETING_VERSION = 1.0;
				PRODUCT_BUNDLE_IDENTIFIER = com.remoterecruitapp.ios.tests;
				PRODUCT_NAME = "$(TARGET_NAME)";
				SWIFT_EMIT_LOC_STRINGS = NO;
				SWIFT_VERSION = 5.0;
				TARGETED_DEVICE_FAMILY = "1,2";
				TEST_HOST = "$(BUILT_PRODUCTS_DIR)/RemoteRecruit.app/$(BUNDLE_EXECUTABLE_FOLDER_PATH)/RemoteRecruit";
			};
			name = Debug;
		};
		CF000022 /* Release */ = {
			isa = XCBuildConfiguration;
			buildSettings = {
				BUNDLE_LOADER = "$(TEST_HOST)";
				CODE_SIGN_STYLE = Automatic;
				CURRENT_PROJECT_VERSION = 1;
				GENERATE_INFOPLIST_FILE = YES;
				IPHONEOS_DEPLOYMENT_TARGET = 17.0;
				MARKETING_VERSION = 1.0;
				PRODUCT_BUNDLE_IDENTIFIER = com.remoterecruitapp.ios.tests;
				PRODUCT_NAME = "$(TARGET_NAME)";
				SWIFT_EMIT_LOC_STRINGS = NO;
				SWIFT_VERSION = 5.0;
				TARGETED_DEVICE_FAMILY = "1,2";
				TEST_HOST = "$(BUILT_PRODUCTS_DIR)/RemoteRecruit.app/$(BUNDLE_EXECUTABLE_FOLDER_PATH)/RemoteRecruit";
			};
			name = Release;
		};
/* End XCBuildConfiguration section */

/* Begin XCConfigurationList section */
		BF000000 /* Build configuration list for PBXProject "RemoteRecruit" */ = {
			isa = XCConfigurationList;
			buildConfigurations = (
				CF000001 /* Debug */,
				CF000002 /* Release */,
			);
			defaultConfigurationIsVisible = 0;
			defaultConfigurationName = Release;
		};
		BF000001 /* Build configuration list for PBXNativeTarget "RemoteRecruit" */ = {
			isa = XCConfigurationList;
			buildConfigurations = (
				CF000011 /* Debug */,
				CF000012 /* Release */,
			);
			defaultConfigurationIsVisible = 0;
			defaultConfigurationName = Release;
		};
		BF000002 /* Build configuration list for PBXNativeTarget "RemoteRecruitTests" */ = {
			isa = XCConfigurationList;
			buildConfigurations = (
				CF000021 /* Debug */,
				CF000022 /* Release */,
			);
			defaultConfigurationIsVisible = 0;
			defaultConfigurationName = Release;
		};
/* End XCConfigurationList section */

/* Begin XCLocalSwiftPackageReference section */
		AG000001 /* XCLocalSwiftPackageReference "RRNetworking" */ = {
			isa = XCLocalSwiftPackageReference;
			relativePath = ../RRNetworking;
		};
/* End XCLocalSwiftPackageReference section */

/* Begin XCSwiftPackageProductDependency section */
		AC000001 /* RRNetworking */ = {
			isa = XCSwiftPackageProductDependency;
			package = AG000001 /* XCLocalSwiftPackageReference "RRNetworking" */;
			productName = RRNetworking;
		};
		AC000002 /* RRNetworking */ = {
			isa = XCSwiftPackageProductDependency;
			package = AG000001 /* XCLocalSwiftPackageReference "RRNetworking" */;
			productName = RRNetworking;
		};
/* End XCSwiftPackageProductDependency section */

	};
	rootObject = BE000100 /* Project object */;
}
